<?xml version="1.0" encoding="utf-8"?>
<!--
xmake version 2.7.8+master.d6ee79eed

  This file is auto generated by xmake.

  Please DO NOT EDIT since all your modification will lost after re-generation.
  See https://github.com/xmake-io/xmake/pull/472 for more infomation.
-->
<Project ToolsVersion="4.0" xmlns="http://schemas.microsoft.com/developer/msbuild/2003">
  <ItemGroup>
    <Filter Include="Properties">
      <UniqueIdentifier>{CC7C6180-942D-056E-3227-E6A2B3FB19CD}</UniqueIdentifier>
    </Filter>
    <Filter Include="src">
      <UniqueIdentifier>{491FBF00-292E-479F-8C8F-7A2AC045023A}</UniqueIdentifier>
    </Filter>
    <Filter Include="src\include">
      <UniqueIdentifier>{3B3E8817-2B2A-4330-AD4E-B4BDD96AB130}</UniqueIdentifier>
    </Filter>
    <Filter Include="src\production">
      <UniqueIdentifier>{150133C9-B597-4C0B-B96E-80AA97FB98AE}</UniqueIdentifier>
    </Filter>
    <Filter Include="src\syntax">
      <UniqueIdentifier>{EF603965-CC08-4A30-9019-08CAF941F758}</UniqueIdentifier>
    </Filter>

  </ItemGroup>
  <ItemGroup>
    <None Include="$(MSBuildProjectDirectory)\Xmake.Custom.props">
      <Filter>Properties</Filter>
    </None>
    <None Include="$(MSBuildProjectDirectory)\Xmake.Custom.targets">
      <Filter>Properties</Filter>
    </None>
    <None Include="$(MSBuildProjectDirectory)\Xmake.Custom.items">
      <Filter>Properties</Filter>
    </None>
    <None Include="$(MSBuildProjectDirectory)\Xmake.Custom.items.filters">
      <Filter>Properties</Filter>
    </None>
    <None Include="$(XmakeScriptDir)\xmake.lua">
      <Filter>Properties</Filter>
    </None>
  </ItemGroup>
  <ItemGroup>
    <ClInclude Include="$(XmakeProjectDir)\src\cycle.h">
      <Filter>src</Filter>
    </ClInclude>
    <ClInclude Include="$(XmakeProjectDir)\src\errors.h">
      <Filter>src</Filter>
    </ClInclude>
    <ClInclude Include="$(XmakeProjectDir)\src\expansion.h">
      <Filter>src</Filter>
    </ClInclude>
    <ClInclude Include="$(XmakeProjectDir)\src\include\calyx.h">
      <Filter>src\include</Filter>
    </ClInclude>
    <ClInclude Include="$(XmakeProjectDir)\src\include\string_converter.h">
      <Filter>src\include</Filter>
    </ClInclude>
    <ClInclude Include="$(XmakeProjectDir)\src\options.h">
      <Filter>src</Filter>
    </ClInclude>
    <ClInclude Include="$(XmakeProjectDir)\src\production.h">
      <Filter>src</Filter>
    </ClInclude>
    <ClInclude Include="$(XmakeProjectDir)\src\production\empty_branch.h">
      <Filter>src\production</Filter>
    </ClInclude>
    <ClInclude Include="$(XmakeProjectDir)\src\production\uniform_branch.h">
      <Filter>src\production</Filter>
    </ClInclude>
    <ClInclude Include="$(XmakeProjectDir)\src\production\weighted_branch.h">
      <Filter>src\production</Filter>
    </ClInclude>
    <ClInclude Include="$(XmakeProjectDir)\src\registry.h">
      <Filter>src</Filter>
    </ClInclude>
    <ClInclude Include="$(XmakeProjectDir)\src\rule.h">
      <Filter>src</Filter>
    </ClInclude>
    <ClInclude Include="$(XmakeProjectDir)\src\syntax\atom_node.h">
      <Filter>src\syntax</Filter>
    </ClInclude>
    <ClInclude Include="$(XmakeProjectDir)\src\syntax\expression_node.h">
      <Filter>src\syntax</Filter>
    </ClInclude>
    <ClInclude Include="$(XmakeProjectDir)\src\syntax\template_node.h">
      <Filter>src\syntax</Filter>
    </ClInclude>


  </ItemGroup>
  <ItemGroup>

    <ClCompile Include="$(XmakeProjectDir)\src\cycle.cpp">
      <Filter>src</Filter>
    </ClCompile>
    <ClCompile Include="$(XmakeProjectDir)\src\errors.cpp">
      <Filter>src</Filter>
    </ClCompile>
    <ClCompile Include="$(XmakeProjectDir)\src\expansion.cpp">
      <Filter>src</Filter>
    </ClCompile>
    <ClCompile Include="$(XmakeProjectDir)\src\include\result.cpp">
      <Filter>src\include</Filter>
    </ClCompile>
    <ClCompile Include="$(XmakeProjectDir)\src\include\string_converter.cpp">
      <Filter>src\include</Filter>
    </ClCompile>
    <ClCompile Include="$(XmakeProjectDir)\src\options.cpp">
      <Filter>src</Filter>
    </ClCompile>
    <ClCompile Include="$(XmakeProjectDir)\src\production\empty_branch.cpp">
      <Filter>src\production</Filter>
    </ClCompile>
    <ClCompile Include="$(XmakeProjectDir)\src\production\uniform_branch.cpp">
      <Filter>src\production</Filter>
    </ClCompile>
    <ClCompile Include="$(XmakeProjectDir)\src\production\weighted_branch.cpp">
      <Filter>src\production</Filter>
    </ClCompile>
    <ClCompile Include="$(XmakeProjectDir)\src\registry.cpp">
      <Filter>src</Filter>
    </ClCompile>
    <ClCompile Include="$(XmakeProjectDir)\src\rule.cpp">
      <Filter>src</Filter>
    </ClCompile>
    <ClCompile Include="$(XmakeProjectDir)\src\syntax\atom_node.cpp">
      <Filter>src\syntax</Filter>
    </ClCompile>
    <ClCompile Include="$(XmakeProjectDir)\src\syntax\expression_node.cpp">
      <Filter>src\syntax</Filter>
    </ClCompile>
    <ClCompile Include="$(XmakeProjectDir)\src\syntax\template_node.cpp">
      <Filter>src\syntax</Filter>
    </ClCompile>



  </ItemGroup>
  <ItemGroup>

  </ItemGroup>
  <ItemGroup>


  </ItemGroup>
  <Import Condition="Exists('$(MSBuildThisFileDirectory)\Xmake.Custom.files.filters')"
    Project="$(MSBuildThisFileDirectory)\Xmake.Custom.files.filters" />
</Project>
