<?xml version="1.0" encoding="utf-8"?>
<!--
xmake version 2.7.8+master.d6ee79eed

  This file is auto generated by xmake.

  Please DO NOT EDIT since all your modification will lost after re-generation.
  See https://github.com/xmake-io/xmake/pull/472 for more infomation.
-->
<Project ToolsVersion="4.0" xmlns="http://schemas.microsoft.com/developer/msbuild/2003">
  <ItemGroup>
    <Filter Include="Properties">
      <UniqueIdentifier>{CC7C6180-942D-056E-3227-E6A2B3FB19CD}</UniqueIdentifier>
    </Filter>
    <Filter Include="test">
      <UniqueIdentifier>{9145EEE1-ADD4-4868-9B0F-9EBC16654007}</UniqueIdentifier>
    </Filter>
    <Filter Include="test\syntax">
      <UniqueIdentifier>{2B20A553-7C72-48C6-8CBC-708143453F95}</UniqueIdentifier>
    </Filter>

  </ItemGroup>
  <ItemGroup>
    <None Include="$(MSBuildProjectDirectory)\Xmake.Custom.props">
      <Filter>Properties</Filter>
    </None>
    <None Include="$(MSBuildProjectDirectory)\Xmake.Custom.targets">
      <Filter>Properties</Filter>
    </None>
    <None Include="$(MSBuildProjectDirectory)\Xmake.Custom.items">
      <Filter>Properties</Filter>
    </None>
    <None Include="$(MSBuildProjectDirectory)\Xmake.Custom.items.filters">
      <Filter>Properties</Filter>
    </None>
    <None Include="$(XmakeScriptDir)\xmake.lua">
      <Filter>Properties</Filter>
    </None>
  </ItemGroup>
  <ItemGroup>


  </ItemGroup>
  <ItemGroup>

    <ClCompile Include="$(XmakeProjectDir)\test\cycle_test.cpp">
      <Filter>test</Filter>
    </ClCompile>
    <ClCompile Include="$(XmakeProjectDir)\test\draft.cpp">
      <Filter>test</Filter>
    </ClCompile>
    <ClCompile Include="$(XmakeProjectDir)\test\expansion_test.cpp">
      <Filter>test</Filter>
    </ClCompile>
    <ClCompile Include="$(XmakeProjectDir)\test\main.cpp">
      <Filter>test</Filter>
    </ClCompile>
    <ClCompile Include="$(XmakeProjectDir)\test\result_test.cpp">
      <Filter>test</Filter>
    </ClCompile>
    <ClCompile Include="$(XmakeProjectDir)\test\syntax\atom.cpp">
      <Filter>test\syntax</Filter>
    </ClCompile>
    <ClCompile Include="$(XmakeProjectDir)\test\syntax\expression_node_test.cpp">
      <Filter>test\syntax</Filter>
    </ClCompile>
    <ClCompile Include="$(XmakeProjectDir)\test\syntax\template_test.cpp">
      <Filter>test\syntax</Filter>
    </ClCompile>



  </ItemGroup>
  <ItemGroup>

  </ItemGroup>
  <ItemGroup>


  </ItemGroup>
  <Import Condition="Exists('$(MSBuildThisFileDirectory)\Xmake.Custom.files.filters')"
    Project="$(MSBuildThisFileDirectory)\Xmake.Custom.files.filters" />
</Project>
